
Microsoft Visual Studio Solution File, Format Version 12.00
# Visual Studio 15
VisualStudioVersion = 15.0.27703.2035
MinimumVisualStudioVersion = 10.0.40219.1
Project("{FAE04EC0-301F-11D3-BF4B-00C04F79EFBC}") = "NUnitTesting_1_0", "NUnitTesting_1.0\NUnitTesting_1_0.csproj", "{7C495D44-2D41-41EE-9B24-B423D4553ED6}"
EndProject
Global
	GlobalSection(SolutionConfigurationPlatforms) = preSolution
		Debug|Any CPU = Debug|Any CPU
		Release|Any CPU = Release|Any CPU
	EndGlobalSection
	GlobalSection(ProjectConfigurationPlatforms) = postSolution
		{7C495D44-2D41-41EE-9B24-B423D4553ED6}.Debug|Any CPU.ActiveCfg = Debug|Any CPU
		{7C495D44-2D41-41EE-9B24-B423D4553ED6}.Debug|Any CPU.Build.0 = Debug|Any CPU
		{7C495D44-2D41-41EE-9B24-B423D4553ED6}.Release|Any CPU.ActiveCfg = Release|Any CPU
		{7C495D44-2D41-41EE-9B24-B423D4553ED6}.Release|Any CPU.Build.0 = Release|Any CPU
	EndGlobalSection
	GlobalSection(SolutionProperties) = preSolution
		HideSolutionNode = FALSE
	EndGlobalSection
	GlobalSection(ExtensibilityGlobals) = postSolution
		SolutionGuid = {97DE6150-AEF7-4E50-B88C-0898DBB16FB1}
	EndGlobalSection
EndGlobal
